<?xml version="1.0" encoding="UTF-8" standalone="yes" ?>
<CodeBlocks_project_file>
	<FileVersion major="1" minor="6" />
	<Project>
		<Option title="genetic_algorithm" />
		<Option pch_mode="2" />
		<Option compiler="gcc" />
		<Build>
			<Target title="Debug">
				<Option output="bin/Debug/genetic_algorithm" prefix_auto="1" extension_auto="1" />
				<Option object_output="obj/Debug/" />
				<Option type="1" />
				<Option compiler="gcc" />
				<Compiler>
					<Add option="-std=c++11" />
					<Add option="-g" />
				</Compiler>
			</Target>
			<Target title="Release">
				<Option output="bin/Release/genetic_algorithm" prefix_auto="1" extension_auto="1" />
				<Option object_output="obj/Release/" />
				<Option type="1" />
				<Option compiler="gcc" />
				<Compiler>
					<Add option="-fexpensive-optimizations" />
					<Add option="-O3" />
					<Add option="-std=c++11" />
				</Compiler>
				<Linker>
					<Add option="-s" />
				</Linker>
			</Target>
		</Build>
		<Compiler>
			<Add option="-Wall" />
		</Compiler>
		<Unit filename="crossover.cpp" />
		<Unit filename="crossover.hpp" />
		<Unit filename="crossover_type.hpp" />
		<Unit filename="dna.cpp" />
		<Unit filename="dna.hpp" />
		<Unit filename="engine.cpp" />
		<Unit filename="engine.hpp" />
		<Unit filename="engine_parameters.hpp" />
		<Unit filename="error.hpp" />
		<Unit filename="goals.hpp" />
		<Unit filename="individual.cpp" />
		<Unit filename="individual.hpp" />
		<Unit filename="individual_comp.cpp" />
		<Unit filename="individual_comp.hpp" />
		<Unit filename="mutation.cpp" />
		<Unit filename="mutation.hpp" />
		<Unit filename="population.cpp" />
		<Unit filename="population.hpp" />
		<Unit filename="population_parameters.hpp" />
		<Unit filename="rand.cpp" />
		<Unit filename="rand.hpp" />
		<Unit filename="simulation.cpp" />
		<Unit filename="simulation.hpp" />
		<Unit filename="simulation_parameters.hpp" />
		<Unit filename="single_engine.cpp" />
		<Unit filename="single_engine.hpp" />
		<Unit filename="test.cpp" />
		<Extensions>
			<code_completion />
			<envvars />
			<debugger />
			<lib_finder disable_auto="1" />
			<DoxyBlocks>
				<comment_style block="1" line="2" />
				<doxyfile_project />
				<doxyfile_build />
				<doxyfile_warnings />
				<doxyfile_output />
				<doxyfile_dot />
				<general />
			</DoxyBlocks>
		</Extensions>
	</Project>
</CodeBlocks_project_file>
